
Microsoft Visual Studio Solution File, Format Version 12.00
# Visual Studio Version 17
VisualStudioVersion = 17.1.32421.90
MinimumVisualStudioVersion = 10.0.40219.1
Project("{FAE04EC0-301F-11D3-BF4B-00C04F79EFBC}") = "MultiSensorAppApi", "MultiSensorAppApi\MultiSensorAppApi.csproj", "{9E2A017C-FF60-4F90-86AB-AD182A6CBC0C}"
EndProject
Global
	GlobalSection(SolutionConfigurationPlatforms) = preSolution
		Debug|Any CPU = Debug|Any CPU
		Release|Any CPU = Release|Any CPU
	EndGlobalSection
	GlobalSection(ProjectConfigurationPlatforms) = postSolution
		{9E2A017C-FF60-4F90-86AB-AD182A6CBC0C}.Debug|Any CPU.ActiveCfg = Debug|Any CPU
		{9E2A017C-FF60-4F90-86AB-AD182A6CBC0C}.Debug|Any CPU.Build.0 = Debug|Any CPU
		{9E2A017C-FF60-4F90-86AB-AD182A6CBC0C}.Release|Any CPU.ActiveCfg = Release|Any CPU
		{9E2A017C-FF60-4F90-86AB-AD182A6CBC0C}.Release|Any CPU.Build.0 = Release|Any CPU
	EndGlobalSection
	GlobalSection(SolutionProperties) = preSolution
		HideSolutionNode = FALSE
	EndGlobalSection
	GlobalSection(ExtensibilityGlobals) = postSolution
		SolutionGuid = {E419FD60-E89E-4DDC-8C93-8BEFDEA1FC08}
	EndGlobalSection
EndGlobal
